
Microsoft Visual Studio Solution File, Format Version 12.00
# Visual Studio Version 16
VisualStudioVersion = 16.0.31515.178
MinimumVisualStudioVersion = 10.0.40219.1
Project("{FAE04EC0-301F-11D3-BF4B-00C04F79EFBC}") = "WebApplication11", "WebApplication11\WebApplication11.csproj", "{58E90D7C-A6A8-4949-BE29-D6D13B39BC1A}"
EndProject
Global
	GlobalSection(SolutionConfigurationPlatforms) = preSolution
		Debug|Any CPU = Debug|Any CPU
		Release|Any CPU = Release|Any CPU
	EndGlobalSection
	GlobalSection(ProjectConfigurationPlatforms) = postSolution
		{58E90D7C-A6A8-4949-BE29-D6D13B39BC1A}.Debug|Any CPU.ActiveCfg = Debug|Any CPU
		{58E90D7C-A6A8-4949-BE29-D6D13B39BC1A}.Debug|Any CPU.Build.0 = Debug|Any CPU
		{58E90D7C-A6A8-4949-BE29-D6D13B39BC1A}.Release|Any CPU.ActiveCfg = Release|Any CPU
		{58E90D7C-A6A8-4949-BE29-D6D13B39BC1A}.Release|Any CPU.Build.0 = Release|Any CPU
	EndGlobalSection
	GlobalSection(SolutionProperties) = preSolution
		HideSolutionNode = FALSE
	EndGlobalSection
	GlobalSection(ExtensibilityGlobals) = postSolution
		SolutionGuid = {E37B60A4-7582-4E34-B323-CC21AD1B2AE6}
	EndGlobalSection
EndGlobal
